
Microsoft Visual Studio Solution File, Format Version 12.00
# Visual Studio Version 16
VisualStudioVersion = 16.0.30320.27
MinimumVisualStudioVersion = 10.0.40219.1
Project("{8BC9CEB8-8B4A-11D0-8D11-00A0C91BC942}") = "backend", "backend\backend.vcxproj", "{88C29AEA-60ED-4E1E-8FB2-451B99DCE790}"
EndProject
Global
	GlobalSection(SolutionConfigurationPlatforms) = preSolution
		Debug UnitTests|Any CPU = Debug UnitTests|Any CPU
		Debug UnitTests|x64 = Debug UnitTests|x64
		Debug UnitTests|x86 = Debug UnitTests|x86
		Debug|Any CPU = Debug|Any CPU
		Debug|x64 = Debug|x64
		Debug|x86 = Debug|x86
		Demonstrative|Any CPU = Demonstrative|Any CPU
		Demonstrative|x64 = Demonstrative|x64
		Demonstrative|x86 = Demonstrative|x86
		Release|Any CPU = Release|Any CPU
		Release|x64 = Release|x64
		Release|x86 = Release|x86
	EndGlobalSection
	GlobalSection(ProjectConfigurationPlatforms) = postSolution
		{88C29AEA-60ED-4E1E-8FB2-451B99DCE790}.Debug UnitTests|Any CPU.ActiveCfg = Debug UnitTests|Win32
		{88C29AEA-60ED-4E1E-8FB2-451B99DCE790}.Debug UnitTests|x64.ActiveCfg = Debug UnitTests|x64
		{88C29AEA-60ED-4E1E-8FB2-451B99DCE790}.Debug UnitTests|x64.Build.0 = Debug UnitTests|x64
		{88C29AEA-60ED-4E1E-8FB2-451B99DCE790}.Debug UnitTests|x86.ActiveCfg = Debug UnitTests|Win32
		{88C29AEA-60ED-4E1E-8FB2-451B99DCE790}.Debug UnitTests|x86.Build.0 = Debug UnitTests|Win32
		{88C29AEA-60ED-4E1E-8FB2-451B99DCE790}.Debug|Any CPU.ActiveCfg = Debug|Win32
		{88C29AEA-60ED-4E1E-8FB2-451B99DCE790}.Debug|x64.ActiveCfg = Debug|x64
		{88C29AEA-60ED-4E1E-8FB2-451B99DCE790}.Debug|x64.Build.0 = Debug|x64
		{88C29AEA-60ED-4E1E-8FB2-451B99DCE790}.Debug|x86.ActiveCfg = Debug|Win32
		{88C29AEA-60ED-4E1E-8FB2-451B99DCE790}.Debug|x86.Build.0 = Debug|Win32
		{88C29AEA-60ED-4E1E-8FB2-451B99DCE790}.Demonstrative|Any CPU.ActiveCfg = Demonstrative|Win32
		{88C29AEA-60ED-4E1E-8FB2-451B99DCE790}.Demonstrative|x64.ActiveCfg = Demonstrative|x64
		{88C29AEA-60ED-4E1E-8FB2-451B99DCE790}.Demonstrative|x64.Build.0 = Demonstrative|x64
		{88C29AEA-60ED-4E1E-8FB2-451B99DCE790}.Demonstrative|x86.ActiveCfg = Demonstrative|Win32
		{88C29AEA-60ED-4E1E-8FB2-451B99DCE790}.Demonstrative|x86.Build.0 = Demonstrative|Win32
		{88C29AEA-60ED-4E1E-8FB2-451B99DCE790}.Release|Any CPU.ActiveCfg = Release|Win32
		{88C29AEA-60ED-4E1E-8FB2-451B99DCE790}.Release|x64.ActiveCfg = Release|x64
		{88C29AEA-60ED-4E1E-8FB2-451B99DCE790}.Release|x64.Build.0 = Release|x64
		{88C29AEA-60ED-4E1E-8FB2-451B99DCE790}.Release|x86.ActiveCfg = Release|Win32
		{88C29AEA-60ED-4E1E-8FB2-451B99DCE790}.Release|x86.Build.0 = Release|Win32
	EndGlobalSection
	GlobalSection(SolutionProperties) = preSolution
		HideSolutionNode = FALSE
	EndGlobalSection
	GlobalSection(ExtensibilityGlobals) = postSolution
		SolutionGuid = {6E87D765-A4A5-4C5E-8F72-87DFD94E995A}
	EndGlobalSection
EndGlobal
